// !$*UTF8*$!
{
	archiveVersion = 1;
	classes = {
	};
	objectVersion = 77;
	objects = {

/* Begin PBXBuildFile section */
		0293D8CFB011D9214774E2A7 /* ColoringViewModel.swift in Sources */ = {isa = PBXBuildFile; fileRef = F33484297EED77AE6630EDE3 /* ColoringViewModel.swift */; };
		08BE157FDFB42D47E0DE21FA /* HomeView.swift in Sources */ = {isa = PBXBuildFile; fileRef = DE98C1B1DC0AC26EAEAAC370 /* HomeView.swift */; };
		10D4E50E586A1D2C67386B80 /* ColoringCategory.swift in Sources */ = {isa = PBXBuildFile; fileRef = 84786EA16203BD565670D13F /* ColoringCategory.swift */; };
		170C1F0E729244A3C5977507 /* ColoringPageView.swift in Sources */ = {isa = PBXBuildFile; fileRef = DBBEB4DEB621611304B87D1A /* ColoringPageView.swift */; };
		1A61DB820320EA64D1DAF77F /* AppModel.swift in Sources */ = {isa = PBXBuildFile; fileRef = 26B6EDB0EB53ED131DF3CD0E /* AppModel.swift */; };
		1D04D0669DBAD64EB594EBBF /* DrawingAction.swift in Sources */ = {isa = PBXBuildFile; fileRef = 03247565A2E70CF036D95103 /* DrawingAction.swift */; };
		21A7C1B8F8EBEC7FCFEB2476 /* FloodFillEngine.swift in Sources */ = {isa = PBXBuildFile; fileRef = A616CFCCE519D5BA2C712D27 /* FloodFillEngine.swift */; };
		22CC4A40D5CD6E689EDD78CE /* ProjectStorageService.swift in Sources */ = {isa = PBXBuildFile; fileRef = 1F94D988496E92D7F64B7EFB /* ProjectStorageService.swift */; };
		236644CAB277536217CDE297 /* ColoringScrollView.swift in Sources */ = {isa = PBXBuildFile; fileRef = 71D07EFA2DEB4B0247A11605 /* ColoringScrollView.swift */; };
		23F15C855185CC82BEEC68FF /* Assets.xcassets in Resources */ = {isa = PBXBuildFile; fileRef = EB3460590304249071EE5033 /* Assets.xcassets */; };
		3EC61C9CF0B443FBF6D5AC1A /* ExploreView.swift in Sources */ = {isa = PBXBuildFile; fileRef = 2295AFE525FBCD4DC28B8C23 /* ExploreView.swift */; };
		3F71562427A91E0EE6BE27A5 /* ColoringProject.swift in Sources */ = {isa = PBXBuildFile; fileRef = 318B86F4ACB60F057D48F696 /* ColoringProject.swift */; };
		477F230F2A50843132F6B61B /* NativeKidsColoringEnginePrototypeApp.swift in Sources */ = {isa = PBXBuildFile; fileRef = 3FE01E98644F028CE93E0042 /* NativeKidsColoringEnginePrototypeApp.swift */; };
		49A86CB93E469A2959F6E832 /* SampleContent.swift in Sources */ = {isa = PBXBuildFile; fileRef = A737D1DC4679A6839F5DC918 /* SampleContent.swift */; };
		4A8713F54F8F6C7D05DC8EC4 /* FavoritesService.swift in Sources */ = {isa = PBXBuildFile; fileRef = 401397C293A452E7EC692AB3 /* FavoritesService.swift */; };
		4F29EF97B08FC5C75407F477 /* ProjectCard.swift in Sources */ = {isa = PBXBuildFile; fileRef = 3F8DF6903D1143DCC1DB159A /* ProjectCard.swift */; };
		4F8222A4FC5C1C7325FE993F /* ColoringScreen.swift in Sources */ = {isa = PBXBuildFile; fileRef = AC00033B1136AD8D2008F649 /* ColoringScreen.swift */; };
		4FCA1314466D4343419A071C /* GalleryView.swift in Sources */ = {isa = PBXBuildFile; fileRef = 013D47725C07914C1A998335 /* GalleryView.swift */; };
		53D0BCBBDFD593D7B3DAE667 /* ColoringCanvasRepresentable.swift in Sources */ = {isa = PBXBuildFile; fileRef = 1B0A69D682DEDE11B0ABA4AC /* ColoringCanvasRepresentable.swift */; };
		5C87B9D3D76BB09229DACC8A /* ColorPalette.swift in Sources */ = {isa = PBXBuildFile; fileRef = 8C91C2E2AD83D939AA2981D7 /* ColorPalette.swift */; };
		5F54FF6DAE3D45B0FA0258E4 /* HistoryManager.swift in Sources */ = {isa = PBXBuildFile; fileRef = DAADA5E0C36D15E4ADF998B7 /* HistoryManager.swift */; };
		62727E1AEE5A22E274787227 /* ColoringPage.swift in Sources */ = {isa = PBXBuildFile; fileRef = 142C79E6172FBA69FC9E63BC /* ColoringPage.swift */; };
		6E294177537847FC089FA369 /* BrushSizePicker.swift in Sources */ = {isa = PBXBuildFile; fileRef = 24347DBE21B17DEB1B4E3C0D /* BrushSizePicker.swift */; };
		7523D3426CE9A885AC74AFA2 /* SampleCatPageRenderer.swift in Sources */ = {isa = PBXBuildFile; fileRef = 61B0D148A45794101DE9EA52 /* SampleCatPageRenderer.swift */; };
		76A834F5FAEA6E801C1B5B26 /* MainTabView.swift in Sources */ = {isa = PBXBuildFile; fileRef = 99DCEE656463A74805A18DA1 /* MainTabView.swift */; };
		7B2F1666B67670ACC09B5B90 /* CanvasStatusOverlay.swift in Sources */ = {isa = PBXBuildFile; fileRef = BCDCB13863BC648160108EBB /* CanvasStatusOverlay.swift */; };
		80477E92F2A16D070E86A1D6 /* ColoringToolbar.swift in Sources */ = {isa = PBXBuildFile; fileRef = 8EF071743D88C72B4741AD24 /* ColoringToolbar.swift */; };
		82A6774D7D775345989609E9 /* LocalContentRepository.swift in Sources */ = {isa = PBXBuildFile; fileRef = BB58ABE2BE866B949B298EF4 /* LocalContentRepository.swift */; };
		88EC52C10D33AB4E5930FC21 /* LaunchScreen.storyboard in Resources */ = {isa = PBXBuildFile; fileRef = 4C081854DC631700B670B671 /* LaunchScreen.storyboard */; };
		8C32F999A38D7F7A6C4B045B /* PhotoSaveService.swift in Sources */ = {isa = PBXBuildFile; fileRef = 7035A03F69BAC26C73BE6991 /* PhotoSaveService.swift */; };
		9485CDEA72ED735CAA9FF917 /* ThumbnailService.swift in Sources */ = {isa = PBXBuildFile; fileRef = 6AB654C19E0F64572C60E36B /* ThumbnailService.swift */; };
		957EDC141FBDC3F6E67570A7 /* AppRootView.swift in Sources */ = {isa = PBXBuildFile; fileRef = 9C19A4C1EE8851DE09973279 /* AppRootView.swift */; };
		9BF5C184267AF1B8A724E15E /* ArtfulStyle.swift in Sources */ = {isa = PBXBuildFile; fileRef = C7FF643E4436BA6CC8F02916 /* ArtfulStyle.swift */; };
		9DAC66A5336723C1CF275713 /* ColoringTool.swift in Sources */ = {isa = PBXBuildFile; fileRef = F1E609A05637166572FC4A8B /* ColoringTool.swift */; };
		A06776F0ED7F72AD38CAF59D /* BrushEngine.swift in Sources */ = {isa = PBXBuildFile; fileRef = 64E3A30B3FAA7FF54BF1C724 /* BrushEngine.swift */; };
		A67E09A578D4847AD129C577 /* PaletteColor.swift in Sources */ = {isa = PBXBuildFile; fileRef = 05DB2156BF1EFB494F7A5F55 /* PaletteColor.swift */; };
		AA8F09299E9618CEA8A1E0B6 /* ColoringDocument.swift in Sources */ = {isa = PBXBuildFile; fileRef = FDAC4FCAC51A0C8731DC6279 /* ColoringDocument.swift */; };
		B3ABDD16DA20C3103455A060 /* LocalArtworkProvider.swift in Sources */ = {isa = PBXBuildFile; fileRef = 6D8338032EF427D785F7D7D3 /* LocalArtworkProvider.swift */; };
		C3486499AF96CEEC92635771 /* CategoryView.swift in Sources */ = {isa = PBXBuildFile; fileRef = 83FAE9ED69EECED05E8089FB /* CategoryView.swift */; };
		D80631FEDB50A50FA02235D4 /* ColoringPageCard.swift in Sources */ = {isa = PBXBuildFile; fileRef = 713734F0345D2228CE3BA0D9 /* ColoringPageCard.swift */; };
		F49167BDFF7187B7AA9CEB8C /* ColoringPagePreviewView.swift in Sources */ = {isa = PBXBuildFile; fileRef = C62B2F47D1554971276FC814 /* ColoringPagePreviewView.swift */; };
		F7263D02AD31674C802A31CD /* PaintSurface.swift in Sources */ = {isa = PBXBuildFile; fileRef = D70A93E09456FE6C61E711DA /* PaintSurface.swift */; };
		F7DCBA29B3FF8CAB9A2CD98F /* BoundaryMaskBuilder.swift in Sources */ = {isa = PBXBuildFile; fileRef = DE54F0A875FDB7970B39BDDC /* BoundaryMaskBuilder.swift */; };
		FDC1B55D86DBF812D7562080 /* BrushSize.swift in Sources */ = {isa = PBXBuildFile; fileRef = 8DE8B6E8D8FBEB2C31A81C2B /* BrushSize.swift */; };
/* End PBXBuildFile section */

/* Begin PBXFileReference section */
		013D47725C07914C1A998335 /* GalleryView.swift */ = {isa = PBXFileReference; lastKnownFileType = sourcecode.swift; path = GalleryView.swift; sourceTree = "<group>"; };
		03247565A2E70CF036D95103 /* DrawingAction.swift */ = {isa = PBXFileReference; lastKnownFileType = sourcecode.swift; path = DrawingAction.swift; sourceTree = "<group>"; };
		05DB2156BF1EFB494F7A5F55 /* PaletteColor.swift */ = {isa = PBXFileReference; lastKnownFileType = sourcecode.swift; path = PaletteColor.swift; sourceTree = "<group>"; };
		142C79E6172FBA69FC9E63BC /* ColoringPage.swift */ = {isa = PBXFileReference; lastKnownFileType = sourcecode.swift; path = ColoringPage.swift; sourceTree = "<group>"; };
		1B0A69D682DEDE11B0ABA4AC /* ColoringCanvasRepresentable.swift */ = {isa = PBXFileReference; lastKnownFileType = sourcecode.swift; path = ColoringCanvasRepresentable.swift; sourceTree = "<group>"; };
		1F94D988496E92D7F64B7EFB /* ProjectStorageService.swift */ = {isa = PBXFileReference; lastKnownFileType = sourcecode.swift; path = ProjectStorageService.swift; sourceTree = "<group>"; };
		2295AFE525FBCD4DC28B8C23 /* ExploreView.swift */ = {isa = PBXFileReference; lastKnownFileType = sourcecode.swift; path = ExploreView.swift; sourceTree = "<group>"; };
		24347DBE21B17DEB1B4E3C0D /* BrushSizePicker.swift */ = {isa = PBXFileReference; lastKnownFileType = sourcecode.swift; path = BrushSizePicker.swift; sourceTree = "<group>"; };
		26B6EDB0EB53ED131DF3CD0E /* AppModel.swift */ = {isa = PBXFileReference; lastKnownFileType = sourcecode.swift; path = AppModel.swift; sourceTree = "<group>"; };
		302967B54D3C2544A070F498 /* NativeKidsColoringEnginePrototype.app */ = {isa = PBXFileReference; includeInIndex = 0; lastKnownFileType = wrapper.application; path = NativeKidsColoringEnginePrototype.app; sourceTree = BUILT_PRODUCTS_DIR; };
		318B86F4ACB60F057D48F696 /* ColoringProject.swift */ = {isa = PBXFileReference; lastKnownFileType = sourcecode.swift; path = ColoringProject.swift; sourceTree = "<group>"; };
		3F8DF6903D1143DCC1DB159A /* ProjectCard.swift */ = {isa = PBXFileReference; lastKnownFileType = sourcecode.swift; path = ProjectCard.swift; sourceTree = "<group>"; };
		3FE01E98644F028CE93E0042 /* NativeKidsColoringEnginePrototypeApp.swift */ = {isa = PBXFileReference; lastKnownFileType = sourcecode.swift; path = NativeKidsColoringEnginePrototypeApp.swift; sourceTree = "<group>"; };
		401397C293A452E7EC692AB3 /* FavoritesService.swift */ = {isa = PBXFileReference; lastKnownFileType = sourcecode.swift; path = FavoritesService.swift; sourceTree = "<group>"; };
		61B0D148A45794101DE9EA52 /* SampleCatPageRenderer.swift */ = {isa = PBXFileReference; lastKnownFileType = sourcecode.swift; path = SampleCatPageRenderer.swift; sourceTree = "<group>"; };
		64E3A30B3FAA7FF54BF1C724 /* BrushEngine.swift */ = {isa = PBXFileReference; lastKnownFileType = sourcecode.swift; path = BrushEngine.swift; sourceTree = "<group>"; };
		6AB654C19E0F64572C60E36B /* ThumbnailService.swift */ = {isa = PBXFileReference; lastKnownFileType = sourcecode.swift; path = ThumbnailService.swift; sourceTree = "<group>"; };
		6D8338032EF427D785F7D7D3 /* LocalArtworkProvider.swift */ = {isa = PBXFileReference; lastKnownFileType = sourcecode.swift; path = LocalArtworkProvider.swift; sourceTree = "<group>"; };
		7035A03F69BAC26C73BE6991 /* PhotoSaveService.swift */ = {isa = PBXFileReference; lastKnownFileType = sourcecode.swift; path = PhotoSaveService.swift; sourceTree = "<group>"; };
		713734F0345D2228CE3BA0D9 /* ColoringPageCard.swift */ = {isa = PBXFileReference; lastKnownFileType = sourcecode.swift; path = ColoringPageCard.swift; sourceTree = "<group>"; };
		71D07EFA2DEB4B0247A11605 /* ColoringScrollView.swift */ = {isa = PBXFileReference; lastKnownFileType = sourcecode.swift; path = ColoringScrollView.swift; sourceTree = "<group>"; };
		83FAE9ED69EECED05E8089FB /* CategoryView.swift */ = {isa = PBXFileReference; lastKnownFileType = sourcecode.swift; path = CategoryView.swift; sourceTree = "<group>"; };
		84786EA16203BD565670D13F /* ColoringCategory.swift */ = {isa = PBXFileReference; lastKnownFileType = sourcecode.swift; path = ColoringCategory.swift; sourceTree = "<group>"; };
		8C91C2E2AD83D939AA2981D7 /* ColorPalette.swift */ = {isa = PBXFileReference; lastKnownFileType = sourcecode.swift; path = ColorPalette.swift; sourceTree = "<group>"; };
		8DE8B6E8D8FBEB2C31A81C2B /* BrushSize.swift */ = {isa = PBXFileReference; lastKnownFileType = sourcecode.swift; path = BrushSize.swift; sourceTree = "<group>"; };
		8EF071743D88C72B4741AD24 /* ColoringToolbar.swift */ = {isa = PBXFileReference; lastKnownFileType = sourcecode.swift; path = ColoringToolbar.swift; sourceTree = "<group>"; };
		99DCEE656463A74805A18DA1 /* MainTabView.swift */ = {isa = PBXFileReference; lastKnownFileType = sourcecode.swift; path = MainTabView.swift; sourceTree = "<group>"; };
		9C19A4C1EE8851DE09973279 /* AppRootView.swift */ = {isa = PBXFileReference; lastKnownFileType = sourcecode.swift; path = AppRootView.swift; sourceTree = "<group>"; };
		A5E42DF86DF51573E013AD0C /* Info.plist */ = {isa = PBXFileReference; lastKnownFileType = text.plist; path = Info.plist; sourceTree = "<group>"; };
		A616CFCCE519D5BA2C712D27 /* FloodFillEngine.swift */ = {isa = PBXFileReference; lastKnownFileType = sourcecode.swift; path = FloodFillEngine.swift; sourceTree = "<group>"; };
		A737D1DC4679A6839F5DC918 /* SampleContent.swift */ = {isa = PBXFileReference; lastKnownFileType = sourcecode.swift; path = SampleContent.swift; sourceTree = "<group>"; };
		AC00033B1136AD8D2008F649 /* ColoringScreen.swift */ = {isa = PBXFileReference; lastKnownFileType = sourcecode.swift; path = ColoringScreen.swift; sourceTree = "<group>"; };
		BB58ABE2BE866B949B298EF4 /* LocalContentRepository.swift */ = {isa = PBXFileReference; lastKnownFileType = sourcecode.swift; path = LocalContentRepository.swift; sourceTree = "<group>"; };
		BCDCB13863BC648160108EBB /* CanvasStatusOverlay.swift */ = {isa = PBXFileReference; lastKnownFileType = sourcecode.swift; path = CanvasStatusOverlay.swift; sourceTree = "<group>"; };
		C62B2F47D1554971276FC814 /* ColoringPagePreviewView.swift */ = {isa = PBXFileReference; lastKnownFileType = sourcecode.swift; path = ColoringPagePreviewView.swift; sourceTree = "<group>"; };
		C7FF643E4436BA6CC8F02916 /* ArtfulStyle.swift */ = {isa = PBXFileReference; lastKnownFileType = sourcecode.swift; path = ArtfulStyle.swift; sourceTree = "<group>"; };
		CEBD2CDDC3D181AC9DC2E54F /* Base */ = {isa = PBXFileReference; lastKnownFileType = file.storyboard; name = Base; path = Base.lproj/LaunchScreen.storyboard; sourceTree = "<group>"; };
		D70A93E09456FE6C61E711DA /* PaintSurface.swift */ = {isa = PBXFileReference; lastKnownFileType = sourcecode.swift; path = PaintSurface.swift; sourceTree = "<group>"; };
		DAADA5E0C36D15E4ADF998B7 /* HistoryManager.swift */ = {isa = PBXFileReference; lastKnownFileType = sourcecode.swift; path = HistoryManager.swift; sourceTree = "<group>"; };
		DBBEB4DEB621611304B87D1A /* ColoringPageView.swift */ = {isa = PBXFileReference; lastKnownFileType = sourcecode.swift; path = ColoringPageView.swift; sourceTree = "<group>"; };
		DE54F0A875FDB7970B39BDDC /* BoundaryMaskBuilder.swift */ = {isa = PBXFileReference; lastKnownFileType = sourcecode.swift; path = BoundaryMaskBuilder.swift; sourceTree = "<group>"; };
		DE98C1B1DC0AC26EAEAAC370 /* HomeView.swift */ = {isa = PBXFileReference; lastKnownFileType = sourcecode.swift; path = HomeView.swift; sourceTree = "<group>"; };
		EB3460590304249071EE5033 /* Assets.xcassets */ = {isa = PBXFileReference; lastKnownFileType = folder.assetcatalog; path = Assets.xcassets; sourceTree = "<group>"; };
		F1E609A05637166572FC4A8B /* ColoringTool.swift */ = {isa = PBXFileReference; lastKnownFileType = sourcecode.swift; path = ColoringTool.swift; sourceTree = "<group>"; };
		F33484297EED77AE6630EDE3 /* ColoringViewModel.swift */ = {isa = PBXFileReference; lastKnownFileType = sourcecode.swift; path = ColoringViewModel.swift; sourceTree = "<group>"; };
		FDAC4FCAC51A0C8731DC6279 /* ColoringDocument.swift */ = {isa = PBXFileReference; lastKnownFileType = sourcecode.swift; path = ColoringDocument.swift; sourceTree = "<group>"; };
/* End PBXFileReference section */

/* Begin PBXGroup section */
		1F38B54DB2172D627EA088A0 /* Coloring */ = {
			isa = PBXGroup;
			children = (
				AC00033B1136AD8D2008F649 /* ColoringScreen.swift */,
				F33484297EED77AE6630EDE3 /* ColoringViewModel.swift */,
			);
			path = Coloring;
			sourceTree = "<group>";
		};
		27A64DDAC09AD4C6EAAD60E9 /* Products */ = {
			isa = PBXGroup;
			children = (
				302967B54D3C2544A070F498 /* NativeKidsColoringEnginePrototype.app */,
			);
			name = Products;
			sourceTree = "<group>";
		};
		38E101BDEF1C2170F44273B6 /* Components */ = {
			isa = PBXGroup;
			children = (
				C7FF643E4436BA6CC8F02916 /* ArtfulStyle.swift */,
				24347DBE21B17DEB1B4E3C0D /* BrushSizePicker.swift */,
				BCDCB13863BC648160108EBB /* CanvasStatusOverlay.swift */,
				8EF071743D88C72B4741AD24 /* ColoringToolbar.swift */,
				8C91C2E2AD83D939AA2981D7 /* ColorPalette.swift */,
			);
			path = Components;
			sourceTree = "<group>";
		};
		4DEB3E6F9B0C6E167E56628A /* Home */ = {
			isa = PBXGroup;
			children = (
				DE98C1B1DC0AC26EAEAAC370 /* HomeView.swift */,
			);
			path = Home;
			sourceTree = "<group>";
		};
		554A4ABF2C7D91C1E26EB1A8 /* Explore */ = {
			isa = PBXGroup;
			children = (
				83FAE9ED69EECED05E8089FB /* CategoryView.swift */,
				713734F0345D2228CE3BA0D9 /* ColoringPageCard.swift */,
				C62B2F47D1554971276FC814 /* ColoringPagePreviewView.swift */,
				2295AFE525FBCD4DC28B8C23 /* ExploreView.swift */,
			);
			path = Explore;
			sourceTree = "<group>";
		};
		63ABA264C94D553CF72FF8AB /* Models */ = {
			isa = PBXGroup;
			children = (
				8DE8B6E8D8FBEB2C31A81C2B /* BrushSize.swift */,
				84786EA16203BD565670D13F /* ColoringCategory.swift */,
				142C79E6172FBA69FC9E63BC /* ColoringPage.swift */,
				318B86F4ACB60F057D48F696 /* ColoringProject.swift */,
				F1E609A05637166572FC4A8B /* ColoringTool.swift */,
				03247565A2E70CF036D95103 /* DrawingAction.swift */,
				05DB2156BF1EFB494F7A5F55 /* PaletteColor.swift */,
			);
			path = Models;
			sourceTree = "<group>";
		};
		67C2F846BECE2A2FA0F2B5E2 /* Canvas */ = {
			isa = PBXGroup;
			children = (
				1B0A69D682DEDE11B0ABA4AC /* ColoringCanvasRepresentable.swift */,
				DBBEB4DEB621611304B87D1A /* ColoringPageView.swift */,
				71D07EFA2DEB4B0247A11605 /* ColoringScrollView.swift */,
			);
			path = Canvas;
			sourceTree = "<group>";
		};
		97B48F1C214C156753222EE9 /* Sample */ = {
			isa = PBXGroup;
			children = (
				6D8338032EF427D785F7D7D3 /* LocalArtworkProvider.swift */,
				61B0D148A45794101DE9EA52 /* SampleCatPageRenderer.swift */,
			);
			path = Sample;
			sourceTree = "<group>";
		};
		A53B4BF3409BCA547267AFE2 /* Services */ = {
			isa = PBXGroup;
			children = (
				401397C293A452E7EC692AB3 /* FavoritesService.swift */,
				7035A03F69BAC26C73BE6991 /* PhotoSaveService.swift */,
				1F94D988496E92D7F64B7EFB /* ProjectStorageService.swift */,
				6AB654C19E0F64572C60E36B /* ThumbnailService.swift */,
			);
			path = Services;
			sourceTree = "<group>";
		};
		B838794AD64CF3B773BA3EA9 /* Gallery */ = {
			isa = PBXGroup;
			children = (
				013D47725C07914C1A998335 /* GalleryView.swift */,
				3F8DF6903D1143DCC1DB159A /* ProjectCard.swift */,
			);
			path = Gallery;
			sourceTree = "<group>";
		};
		C47D1A974DFBDE1903F92CBC /* NativeKidsColoringEnginePrototype */ = {
			isa = PBXGroup;
			children = (
				EB3460590304249071EE5033 /* Assets.xcassets */,
				A5E42DF86DF51573E013AD0C /* Info.plist */,
				E4C27BCC81DBF09C3840A232 /* App */,
				67C2F846BECE2A2FA0F2B5E2 /* Canvas */,
				1F38B54DB2172D627EA088A0 /* Coloring */,
				38E101BDEF1C2170F44273B6 /* Components */,
				C7C45E37AB68657D7327CDB9 /* Data */,
				D18B22FB3BF43389C120465B /* Engine */,
				554A4ABF2C7D91C1E26EB1A8 /* Explore */,
				B838794AD64CF3B773BA3EA9 /* Gallery */,
				4DEB3E6F9B0C6E167E56628A /* Home */,
				4C081854DC631700B670B671 /* LaunchScreen.storyboard */,
				63ABA264C94D553CF72FF8AB /* Models */,
				97B48F1C214C156753222EE9 /* Sample */,
				A53B4BF3409BCA547267AFE2 /* Services */,
			);
			path = NativeKidsColoringEnginePrototype;
			sourceTree = "<group>";
		};
		C7C45E37AB68657D7327CDB9 /* Data */ = {
			isa = PBXGroup;
			children = (
				BB58ABE2BE866B949B298EF4 /* LocalContentRepository.swift */,
				A737D1DC4679A6839F5DC918 /* SampleContent.swift */,
			);
			path = Data;
			sourceTree = "<group>";
		};
		D18B22FB3BF43389C120465B /* Engine */ = {
			isa = PBXGroup;
			children = (
				DE54F0A875FDB7970B39BDDC /* BoundaryMaskBuilder.swift */,
				64E3A30B3FAA7FF54BF1C724 /* BrushEngine.swift */,
				FDAC4FCAC51A0C8731DC6279 /* ColoringDocument.swift */,
				A616CFCCE519D5BA2C712D27 /* FloodFillEngine.swift */,
				DAADA5E0C36D15E4ADF998B7 /* HistoryManager.swift */,
				D70A93E09456FE6C61E711DA /* PaintSurface.swift */,
			);
			path = Engine;
			sourceTree = "<group>";
		};
		E4C27BCC81DBF09C3840A232 /* App */ = {
			isa = PBXGroup;
			children = (
				26B6EDB0EB53ED131DF3CD0E /* AppModel.swift */,
				9C19A4C1EE8851DE09973279 /* AppRootView.swift */,
				99DCEE656463A74805A18DA1 /* MainTabView.swift */,
				3FE01E98644F028CE93E0042 /* NativeKidsColoringEnginePrototypeApp.swift */,
			);
			path = App;
			sourceTree = "<group>";
		};
		FCF62D31EFFA0370006BA044 = {
			isa = PBXGroup;
			children = (
				C47D1A974DFBDE1903F92CBC /* NativeKidsColoringEnginePrototype */,
				27A64DDAC09AD4C6EAAD60E9 /* Products */,
			);
			sourceTree = "<group>";
		};
/* End PBXGroup section */

/* Begin PBXNativeTarget section */
		1A36EFC874D50B54BC507869 /* NativeKidsColoringEnginePrototype */ = {
			isa = PBXNativeTarget;
			buildConfigurationList = 362C115D071B41EADE439A4B /* Build configuration list for PBXNativeTarget "NativeKidsColoringEnginePrototype" */;
			buildPhases = (
				7E753530B7B5493A65ED0DE9 /* Sources */,
				1B2D2965700FBB47181F4F2F /* Resources */,
			);
			buildRules = (
			);
			dependencies = (
			);
			name = NativeKidsColoringEnginePrototype;
			packageProductDependencies = (
			);
			productName = NativeKidsColoringEnginePrototype;
			productReference = 302967B54D3C2544A070F498 /* NativeKidsColoringEnginePrototype.app */;
			productType = "com.apple.product-type.application";
		};
/* End PBXNativeTarget section */

/* Begin PBXProject section */
		1DB924D24B67E0BD5B4AB286 /* Project object */ = {
			isa = PBXProject;
			attributes = {
				BuildIndependentTargetsInParallel = YES;
				LastUpgradeCheck = 1430;
				TargetAttributes = {
				};
			};
			buildConfigurationList = 8B8533D26A667259339B1BEB /* Build configuration list for PBXProject "NativeKidsColoringEnginePrototype" */;
			developmentRegion = en;
			hasScannedForEncodings = 0;
			knownRegions = (
				Base,
				en,
			);
			mainGroup = FCF62D31EFFA0370006BA044;
			minimizedProjectReferenceProxies = 1;
			preferredProjectObjectVersion = 77;
			productRefGroup = 27A64DDAC09AD4C6EAAD60E9 /* Products */;
			projectDirPath = "";
			projectRoot = "";
			targets = (
				1A36EFC874D50B54BC507869 /* NativeKidsColoringEnginePrototype */,
			);
		};
/* End PBXProject section */

/* Begin PBXResourcesBuildPhase section */
		1B2D2965700FBB47181F4F2F /* Resources */ = {
			isa = PBXResourcesBuildPhase;
			buildActionMask = 2147483647;
			files = (
				23F15C855185CC82BEEC68FF /* Assets.xcassets in Resources */,
				88EC52C10D33AB4E5930FC21 /* LaunchScreen.storyboard in Resources */,
			);
			runOnlyForDeploymentPostprocessing = 0;
		};
/* End PBXResourcesBuildPhase section */

/* Begin PBXSourcesBuildPhase section */
		7E753530B7B5493A65ED0DE9 /* Sources */ = {
			isa = PBXSourcesBuildPhase;
			buildActionMask = 2147483647;
			files = (
				1A61DB820320EA64D1DAF77F /* AppModel.swift in Sources */,
				957EDC141FBDC3F6E67570A7 /* AppRootView.swift in Sources */,
				9BF5C184267AF1B8A724E15E /* ArtfulStyle.swift in Sources */,
				F7DCBA29B3FF8CAB9A2CD98F /* BoundaryMaskBuilder.swift in Sources */,
				A06776F0ED7F72AD38CAF59D /* BrushEngine.swift in Sources */,
				FDC1B55D86DBF812D7562080 /* BrushSize.swift in Sources */,
				6E294177537847FC089FA369 /* BrushSizePicker.swift in Sources */,
				7B2F1666B67670ACC09B5B90 /* CanvasStatusOverlay.swift in Sources */,
				C3486499AF96CEEC92635771 /* CategoryView.swift in Sources */,
				5C87B9D3D76BB09229DACC8A /* ColorPalette.swift in Sources */,
				53D0BCBBDFD593D7B3DAE667 /* ColoringCanvasRepresentable.swift in Sources */,
				10D4E50E586A1D2C67386B80 /* ColoringCategory.swift in Sources */,
				AA8F09299E9618CEA8A1E0B6 /* ColoringDocument.swift in Sources */,
				62727E1AEE5A22E274787227 /* ColoringPage.swift in Sources */,
				D80631FEDB50A50FA02235D4 /* ColoringPageCard.swift in Sources */,
				F49167BDFF7187B7AA9CEB8C /* ColoringPagePreviewView.swift in Sources */,
				170C1F0E729244A3C5977507 /* ColoringPageView.swift in Sources */,
				3F71562427A91E0EE6BE27A5 /* ColoringProject.swift in Sources */,
				4F8222A4FC5C1C7325FE993F /* ColoringScreen.swift in Sources */,
				236644CAB277536217CDE297 /* ColoringScrollView.swift in Sources */,
				9DAC66A5336723C1CF275713 /* ColoringTool.swift in Sources */,
				80477E92F2A16D070E86A1D6 /* ColoringToolbar.swift in Sources */,
				0293D8CFB011D9214774E2A7 /* ColoringViewModel.swift in Sources */,
				1D04D0669DBAD64EB594EBBF /* DrawingAction.swift in Sources */,
				3EC61C9CF0B443FBF6D5AC1A /* ExploreView.swift in Sources */,
				4A8713F54F8F6C7D05DC8EC4 /* FavoritesService.swift in Sources */,
				21A7C1B8F8EBEC7FCFEB2476 /* FloodFillEngine.swift in Sources */,
				4FCA1314466D4343419A071C /* GalleryView.swift in Sources */,
				5F54FF6DAE3D45B0FA0258E4 /* HistoryManager.swift in Sources */,
				08BE157FDFB42D47E0DE21FA /* HomeView.swift in Sources */,
				B3ABDD16DA20C3103455A060 /* LocalArtworkProvider.swift in Sources */,
				82A6774D7D775345989609E9 /* LocalContentRepository.swift in Sources */,
				76A834F5FAEA6E801C1B5B26 /* MainTabView.swift in Sources */,
				477F230F2A50843132F6B61B /* NativeKidsColoringEnginePrototypeApp.swift in Sources */,
				F7263D02AD31674C802A31CD /* PaintSurface.swift in Sources */,
				A67E09A578D4847AD129C577 /* PaletteColor.swift in Sources */,
				8C32F999A38D7F7A6C4B045B /* PhotoSaveService.swift in Sources */,
				4F29EF97B08FC5C75407F477 /* ProjectCard.swift in Sources */,
				22CC4A40D5CD6E689EDD78CE /* ProjectStorageService.swift in Sources */,
				7523D3426CE9A885AC74AFA2 /* SampleCatPageRenderer.swift in Sources */,
				49A86CB93E469A2959F6E832 /* SampleContent.swift in Sources */,
				9485CDEA72ED735CAA9FF917 /* ThumbnailService.swift in Sources */,
			);
			runOnlyForDeploymentPostprocessing = 0;
		};
/* End PBXSourcesBuildPhase section */

/* Begin PBXVariantGroup section */
		4C081854DC631700B670B671 /* LaunchScreen.storyboard */ = {
			isa = PBXVariantGroup;
			children = (
				CEBD2CDDC3D181AC9DC2E54F /* Base */,
			);
			name = LaunchScreen.storyboard;
			sourceTree = "<group>";
		};
/* End PBXVariantGroup section */

/* Begin XCBuildConfiguration section */
		D113D50A64261F6B46DA5AD8 /* Release */ = {
			isa = XCBuildConfiguration;
			buildSettings = {
				ALWAYS_SEARCH_USER_PATHS = NO;
				ASSETCATALOG_COMPILER_APPICON_NAME = AppIcon;
				CURRENT_PROJECT_VERSION = 1;
				ENABLE_NS_ASSERTIONS = NO;
				MARKETING_VERSION = 1.0;
				PRODUCT_NAME = NativeKidsColoringEnginePrototype;
				SDKROOT = iphoneos;
				SUPPORTED_PLATFORMS = "iphoneos iphonesimulator";
				SUPPORTS_MACCATALYST = NO;
				SWIFT_COMPILATION_MODE = wholemodule;
				SWIFT_OPTIMIZATION_LEVEL = "-O";
				SWIFT_VERSION = 6.0;
				TARGETED_DEVICE_FAMILY = "1,2";
			};
			name = Release;
		};
		E6298A2979D5FE1B1849EE46 /* Release */ = {
			isa = XCBuildConfiguration;
			buildSettings = {
				INFOPLIST_FILE = NativeKidsColoringEnginePrototype/Info.plist;
				IPHONEOS_DEPLOYMENT_TARGET = 17.0;
				PRODUCT_BUNDLE_IDENTIFIER = com.superapp.nativekidscoloringengineprototgky1m;
			};
			name = Release;
		};
		F172F2CC87279F7A3E0083E7 /* Debug */ = {
			isa = XCBuildConfiguration;
			buildSettings = {
				INFOPLIST_FILE = NativeKidsColoringEnginePrototype/Info.plist;
				IPHONEOS_DEPLOYMENT_TARGET = 17.0;
				PRODUCT_BUNDLE_IDENTIFIER = com.superapp.nativekidscoloringengineprototgky1m;
			};
			name = Debug;
		};
		F786B7ABF395CA58FFECE171 /* Debug */ = {
			isa = XCBuildConfiguration;
			buildSettings = {
				ALWAYS_SEARCH_USER_PATHS = NO;
				ASSETCATALOG_COMPILER_APPICON_NAME = AppIcon;
				CURRENT_PROJECT_VERSION = 1;
				MARKETING_VERSION = 1.0;
				PRODUCT_NAME = NativeKidsColoringEnginePrototype;
				SDKROOT = iphoneos;
				SUPPORTED_PLATFORMS = "iphoneos iphonesimulator";
				SUPPORTS_MACCATALYST = NO;
				SWIFT_VERSION = 6.0;
				TARGETED_DEVICE_FAMILY = "1,2";
			};
			name = Debug;
		};
/* End XCBuildConfiguration section */

/* Begin XCConfigurationList section */
		362C115D071B41EADE439A4B /* Build configuration list for PBXNativeTarget "NativeKidsColoringEnginePrototype" */ = {
			isa = XCConfigurationList;
			buildConfigurations = (
				F172F2CC87279F7A3E0083E7 /* Debug */,
				E6298A2979D5FE1B1849EE46 /* Release */,
			);
			defaultConfigurationIsVisible = 0;
			defaultConfigurationName = Debug;
		};
		8B8533D26A667259339B1BEB /* Build configuration list for PBXProject "NativeKidsColoringEnginePrototype" */ = {
			isa = XCConfigurationList;
			buildConfigurations = (
				F786B7ABF395CA58FFECE171 /* Debug */,
				D113D50A64261F6B46DA5AD8 /* Release */,
			);
			defaultConfigurationIsVisible = 0;
			defaultConfigurationName = Debug;
		};
/* End XCConfigurationList section */
	};
	rootObject = 1DB924D24B67E0BD5B4AB286 /* Project object */;
}
